// !$*UTF8*$!
{
	archiveVersion = 1;
	classes = {
	};
	objectVersion = 56;
	objects = {

/* Begin PBXBuildFile section */
		2116D2F32A7D287A0018830D /* CatFactDataManager.swift in Sources */ = {isa = PBXBuildFile; fileRef = 2116D2F22A7D287A0018830D /* CatFactDataManager.swift */; };
		2116D2F52A7D29BF0018830D /* SavedCatFactsView.swift in Sources */ = {isa = PBXBuildFile; fileRef = 2116D2F42A7D29BF0018830D /* SavedCatFactsView.swift */; };
		216A3CEB2A7D216C004FD886 /* CatFacts.xcdatamodeld in Sources */ = {isa = PBXBuildFile; fileRef = 216A3CE92A7D216C004FD886 /* CatFacts.xcdatamodeld */; };
		21A002152A7A97AB00DDDE13 /* CatFactsApp.swift in Sources */ = {isa = PBXBuildFile; fileRef = 21A002142A7A97AB00DDDE13 /* CatFactsApp.swift */; };
		21A002172A7A97AB00DDDE13 /* ContentView.swift in Sources */ = {isa = PBXBuildFile; fileRef = 21A002162A7A97AB00DDDE13 /* ContentView.swift */; };
		21A002192A7A97AC00DDDE13 /* Assets.xcassets in Resources */ = {isa = PBXBuildFile; fileRef = 21A002182A7A97AC00DDDE13 /* Assets.xcassets */; };
		21A0021C2A7A97AC00DDDE13 /* Preview Assets.xcassets in Resources */ = {isa = PBXBuildFile; fileRef = 21A0021B2A7A97AC00DDDE13 /* Preview Assets.xcassets */; };
		21A002262A7A97AC00DDDE13 /* CatFactsTests.swift in Sources */ = {isa = PBXBuildFile; fileRef = 21A002252A7A97AC00DDDE13 /* CatFactsTests.swift */; };
		21A002302A7A97AC00DDDE13 /* CatFactsUITests.swift in Sources */ = {isa = PBXBuildFile; fileRef = 21A0022F2A7A97AC00DDDE13 /* CatFactsUITests.swift */; };
		21A002322A7A97AC00DDDE13 /* CatFactsUITestsLaunchTests.swift in Sources */ = {isa = PBXBuildFile; fileRef = 21A002312A7A97AC00DDDE13 /* CatFactsUITestsLaunchTests.swift */; };
		21A002432A7A9D4600DDDE13 /* Endpoint.swift in Sources */ = {isa = PBXBuildFile; fileRef = 21A002422A7A9D4600DDDE13 /* Endpoint.swift */; };
		21A002452A7A9DAF00DDDE13 /* CatFact-Endpoint.swift in Sources */ = {isa = PBXBuildFile; fileRef = 21A002442A7A9DAF00DDDE13 /* CatFact-Endpoint.swift */; };
		21A002472A7A9E7800DDDE13 /* NetworkConstants.swift in Sources */ = {isa = PBXBuildFile; fileRef = 21A002462A7A9E7800DDDE13 /* NetworkConstants.swift */; };
		21A002482A7AAB4C00DDDE13 /* CatFact-Endpoint.swift in Sources */ = {isa = PBXBuildFile; fileRef = 21A002442A7A9DAF00DDDE13 /* CatFact-Endpoint.swift */; };
		21A002492A7AAE8000DDDE13 /* Endpoint.swift in Sources */ = {isa = PBXBuildFile; fileRef = 21A002422A7A9D4600DDDE13 /* Endpoint.swift */; };
		21A0024A2A7AAE9C00DDDE13 /* NetworkConstants.swift in Sources */ = {isa = PBXBuildFile; fileRef = 21A002462A7A9E7800DDDE13 /* NetworkConstants.swift */; };
		21A0024C2A7BA42000DDDE13 /* APICaller.swift in Sources */ = {isa = PBXBuildFile; fileRef = 21A0024B2A7BA42000DDDE13 /* APICaller.swift */; };
		21A0024E2A7BE0E900DDDE13 /* APICaller.swift in Sources */ = {isa = PBXBuildFile; fileRef = 21A0024B2A7BA42000DDDE13 /* APICaller.swift */; };
		21A002502A7BE48A00DDDE13 /* CatFactsViewModel.swift in Sources */ = {isa = PBXBuildFile; fileRef = 21A0024F2A7BE48A00DDDE13 /* CatFactsViewModel.swift */; };
		21A031012A7F9C3000E4CADF /* MockApiCaller.swift in Sources */ = {isa = PBXBuildFile; fileRef = 21A031002A7F9C3000E4CADF /* MockApiCaller.swift */; };
		21A0310C2A7FF44F00E4CADF /* MockApiCaller.swift in Sources */ = {isa = PBXBuildFile; fileRef = 21A031002A7F9C3000E4CADF /* MockApiCaller.swift */; };
		21A0310D2A7FF6FD00E4CADF /* CatFactsViewModel.swift in Sources */ = {isa = PBXBuildFile; fileRef = 21A0024F2A7BE48A00DDDE13 /* CatFactsViewModel.swift */; };
		21A0310E2A7FF76F00E4CADF /* CatFactDataManager.swift in Sources */ = {isa = PBXBuildFile; fileRef = 2116D2F22A7D287A0018830D /* CatFactDataManager.swift */; };
		21A031102A80FE0000E4CADF /* CatFacts.xcdatamodeld in Sources */ = {isa = PBXBuildFile; fileRef = 216A3CE92A7D216C004FD886 /* CatFacts.xcdatamodeld */; };
		21D585B32A8D1834000ECF38 /* CatFactEntity+CoreDataClass.swift in Sources */ = {isa = PBXBuildFile; fileRef = 21D585B12A8D1834000ECF38 /* CatFactEntity+CoreDataClass.swift */; };
		21D585B42A8D1834000ECF38 /* CatFactEntity+CoreDataClass.swift in Sources */ = {isa = PBXBuildFile; fileRef = 21D585B12A8D1834000ECF38 /* CatFactEntity+CoreDataClass.swift */; };
		21D585B52A8D1834000ECF38 /* CatFactEntity+CoreDataProperties.swift in Sources */ = {isa = PBXBuildFile; fileRef = 21D585B22A8D1834000ECF38 /* CatFactEntity+CoreDataProperties.swift */; };
		21D585B62A8D1834000ECF38 /* CatFactEntity+CoreDataProperties.swift in Sources */ = {isa = PBXBuildFile; fileRef = 21D585B22A8D1834000ECF38 /* CatFactEntity+CoreDataProperties.swift */; };
/* End PBXBuildFile section */

/* Begin PBXContainerItemProxy section */
		21A002222A7A97AC00DDDE13 /* PBXContainerItemProxy */ = {
			isa = PBXContainerItemProxy;
			containerPortal = 21A002092A7A97AB00DDDE13 /* Project object */;
			proxyType = 1;
			remoteGlobalIDString = 21A002102A7A97AB00DDDE13;
			remoteInfo = CatFacts;
		};
		21A0022C2A7A97AC00DDDE13 /* PBXContainerItemProxy */ = {
			isa = PBXContainerItemProxy;
			containerPortal = 21A002092A7A97AB00DDDE13 /* Project object */;
			proxyType = 1;
			remoteGlobalIDString = 21A002102A7A97AB00DDDE13;
			remoteInfo = CatFacts;
		};
/* End PBXContainerItemProxy section */

/* Begin PBXFileReference section */
		2116D2F22A7D287A0018830D /* CatFactDataManager.swift */ = {isa = PBXFileReference; lastKnownFileType = sourcecode.swift; path = CatFactDataManager.swift; sourceTree = "<group>"; };
		2116D2F42A7D29BF0018830D /* SavedCatFactsView.swift */ = {isa = PBXFileReference; lastKnownFileType = sourcecode.swift; path = SavedCatFactsView.swift; sourceTree = "<group>"; };
		216A3CEA2A7D216C004FD886 /* CatFacts.xcdatamodel */ = {isa = PBXFileReference; lastKnownFileType = wrapper.xcdatamodel; path = CatFacts.xcdatamodel; sourceTree = "<group>"; };
		21A002112A7A97AB00DDDE13 /* CatFacts.app */ = {isa = PBXFileReference; explicitFileType = wrapper.application; includeInIndex = 0; path = CatFacts.app; sourceTree = BUILT_PRODUCTS_DIR; };
		21A002142A7A97AB00DDDE13 /* CatFactsApp.swift */ = {isa = PBXFileReference; lastKnownFileType = sourcecode.swift; path = CatFactsApp.swift; sourceTree = "<group>"; };
		21A002162A7A97AB00DDDE13 /* ContentView.swift */ = {isa = PBXFileReference; lastKnownFileType = sourcecode.swift; path = ContentView.swift; sourceTree = "<group>"; };
		21A002182A7A97AC00DDDE13 /* Assets.xcassets */ = {isa = PBXFileReference; lastKnownFileType = folder.assetcatalog; path = Assets.xcassets; sourceTree = "<group>"; };
		21A0021B2A7A97AC00DDDE13 /* Preview Assets.xcassets */ = {isa = PBXFileReference; lastKnownFileType = folder.assetcatalog; path = "Preview Assets.xcassets"; sourceTree = "<group>"; };
		21A002212A7A97AC00DDDE13 /* CatFactsTests.xctest */ = {isa = PBXFileReference; explicitFileType = wrapper.cfbundle; includeInIndex = 0; path = CatFactsTests.xctest; sourceTree = BUILT_PRODUCTS_DIR; };
		21A002252A7A97AC00DDDE13 /* CatFactsTests.swift */ = {isa = PBXFileReference; lastKnownFileType = sourcecode.swift; path = CatFactsTests.swift; sourceTree = "<group>"; };
		21A0022B2A7A97AC00DDDE13 /* CatFactsUITests.xctest */ = {isa = PBXFileReference; explicitFileType = wrapper.cfbundle; includeInIndex = 0; path = CatFactsUITests.xctest; sourceTree = BUILT_PRODUCTS_DIR; };
		21A0022F2A7A97AC00DDDE13 /* CatFactsUITests.swift */ = {isa = PBXFileReference; lastKnownFileType = sourcecode.swift; path = CatFactsUITests.swift; sourceTree = "<group>"; };
		21A002312A7A97AC00DDDE13 /* CatFactsUITestsLaunchTests.swift */ = {isa = PBXFileReference; lastKnownFileType = sourcecode.swift; path = CatFactsUITestsLaunchTests.swift; sourceTree = "<group>"; };
		21A002422A7A9D4600DDDE13 /* Endpoint.swift */ = {isa = PBXFileReference; lastKnownFileType = sourcecode.swift; path = Endpoint.swift; sourceTree = "<group>"; };
		21A002442A7A9DAF00DDDE13 /* CatFact-Endpoint.swift */ = {isa = PBXFileReference; lastKnownFileType = sourcecode.swift; path = "CatFact-Endpoint.swift"; sourceTree = "<group>"; };
		21A002462A7A9E7800DDDE13 /* NetworkConstants.swift */ = {isa = PBXFileReference; lastKnownFileType = sourcecode.swift; path = NetworkConstants.swift; sourceTree = "<group>"; };
		21A0024B2A7BA42000DDDE13 /* APICaller.swift */ = {isa = PBXFileReference; lastKnownFileType = sourcecode.swift; path = APICaller.swift; sourceTree = "<group>"; };
		21A0024F2A7BE48A00DDDE13 /* CatFactsViewModel.swift */ = {isa = PBXFileReference; lastKnownFileType = sourcecode.swift; path = CatFactsViewModel.swift; sourceTree = "<group>"; };
		21A031002A7F9C3000E4CADF /* MockApiCaller.swift */ = {isa = PBXFileReference; lastKnownFileType = sourcecode.swift; path = MockApiCaller.swift; sourceTree = "<group>"; };
		21D585B12A8D1834000ECF38 /* CatFactEntity+CoreDataClass.swift */ = {isa = PBXFileReference; lastKnownFileType = sourcecode.swift; path = "CatFactEntity+CoreDataClass.swift"; sourceTree = "<group>"; };
		21D585B22A8D1834000ECF38 /* CatFactEntity+CoreDataProperties.swift */ = {isa = PBXFileReference; lastKnownFileType = sourcecode.swift; path = "CatFactEntity+CoreDataProperties.swift"; sourceTree = "<group>"; };
/* End PBXFileReference section */

/* Begin PBXFrameworksBuildPhase section */
		21A0020E2A7A97AB00DDDE13 /* Frameworks */ = {
			isa = PBXFrameworksBuildPhase;
			buildActionMask = 2147483647;
			files = (
			);
			runOnlyForDeploymentPostprocessing = 0;
		};
		21A0021E2A7A97AC00DDDE13 /* Frameworks */ = {
			isa = PBXFrameworksBuildPhase;
			buildActionMask = 2147483647;
			files = (
			);
			runOnlyForDeploymentPostprocessing = 0;
		};
		21A002282A7A97AC00DDDE13 /* Frameworks */ = {
			isa = PBXFrameworksBuildPhase;
			buildActionMask = 2147483647;
			files = (
			);
			runOnlyForDeploymentPostprocessing = 0;
		};
/* End PBXFrameworksBuildPhase section */

/* Begin PBXGroup section */
		216A3CE82A7D2101004FD886 /* DataBase */ = {
			isa = PBXGroup;
			children = (
				216A3CE92A7D216C004FD886 /* CatFacts.xcdatamodeld */,
				2116D2F22A7D287A0018830D /* CatFactDataManager.swift */,
			);
			path = DataBase;
			sourceTree = "<group>";
		};
		21A002082A7A97AB00DDDE13 = {
			isa = PBXGroup;
			children = (
				21D585B12A8D1834000ECF38 /* CatFactEntity+CoreDataClass.swift */,
				21D585B22A8D1834000ECF38 /* CatFactEntity+CoreDataProperties.swift */,
				21A002132A7A97AB00DDDE13 /* CatFacts */,
				21A002242A7A97AC00DDDE13 /* CatFactsTests */,
				21A0022E2A7A97AC00DDDE13 /* CatFactsUITests */,
				21A002122A7A97AB00DDDE13 /* Products */,
			);
			sourceTree = "<group>";
		};
		21A002122A7A97AB00DDDE13 /* Products */ = {
			isa = PBXGroup;
			children = (
				21A002112A7A97AB00DDDE13 /* CatFacts.app */,
				21A002212A7A97AC00DDDE13 /* CatFactsTests.xctest */,
				21A0022B2A7A97AC00DDDE13 /* CatFactsUITests.xctest */,
			);
			name = Products;
			sourceTree = "<group>";
		};
		21A002132A7A97AB00DDDE13 /* CatFacts */ = {
			isa = PBXGroup;
			children = (
				21A002412A7A9D1900DDDE13 /* Network */,
				21A0023E2A7A988000DDDE13 /* Model */,
				216A3CE82A7D2101004FD886 /* DataBase */,
				21A002142A7A97AB00DDDE13 /* CatFactsApp.swift */,
				21A002162A7A97AB00DDDE13 /* ContentView.swift */,
				2116D2F42A7D29BF0018830D /* SavedCatFactsView.swift */,
				21A002182A7A97AC00DDDE13 /* Assets.xcassets */,
				21A0021A2A7A97AC00DDDE13 /* Preview Content */,
			);
			path = CatFacts;
			sourceTree = "<group>";
		};
		21A0021A2A7A97AC00DDDE13 /* Preview Content */ = {
			isa = PBXGroup;
			children = (
				21A0021B2A7A97AC00DDDE13 /* Preview Assets.xcassets */,
			);
			path = "Preview Content";
			sourceTree = "<group>";
		};
		21A002242A7A97AC00DDDE13 /* CatFactsTests */ = {
			isa = PBXGroup;
			children = (
				21A002252A7A97AC00DDDE13 /* CatFactsTests.swift */,
				21A031002A7F9C3000E4CADF /* MockApiCaller.swift */,
			);
			path = CatFactsTests;
			sourceTree = "<group>";
		};
		21A0022E2A7A97AC00DDDE13 /* CatFactsUITests */ = {
			isa = PBXGroup;
			children = (
				21A0022F2A7A97AC00DDDE13 /* CatFactsUITests.swift */,
				21A002312A7A97AC00DDDE13 /* CatFactsUITestsLaunchTests.swift */,
			);
			path = CatFactsUITests;
			sourceTree = "<group>";
		};
		21A0023E2A7A988000DDDE13 /* Model */ = {
			isa = PBXGroup;
			children = (
				21A0024F2A7BE48A00DDDE13 /* CatFactsViewModel.swift */,
			);
			path = Model;
			sourceTree = "<group>";
		};
		21A002412A7A9D1900DDDE13 /* Network */ = {
			isa = PBXGroup;
			children = (
				21A002422A7A9D4600DDDE13 /* Endpoint.swift */,
				21A002442A7A9DAF00DDDE13 /* CatFact-Endpoint.swift */,
				21A002462A7A9E7800DDDE13 /* NetworkConstants.swift */,
				21A0024B2A7BA42000DDDE13 /* APICaller.swift */,
			);
			path = Network;
			sourceTree = "<group>";
		};
/* End PBXGroup section */

/* Begin PBXNativeTarget section */
		21A002102A7A97AB00DDDE13 /* CatFacts */ = {
			isa = PBXNativeTarget;
			buildConfigurationList = 21A002352A7A97AC00DDDE13 /* Build configuration list for PBXNativeTarget "CatFacts" */;
			buildPhases = (
				21A0020D2A7A97AB00DDDE13 /* Sources */,
				21A0020E2A7A97AB00DDDE13 /* Frameworks */,
				21A0020F2A7A97AB00DDDE13 /* Resources */,
			);
			buildRules = (
			);
			dependencies = (
			);
			name = CatFacts;
			productName = CatFacts;
			productReference = 21A002112A7A97AB00DDDE13 /* CatFacts.app */;
			productType = "com.apple.product-type.application";
		};
		21A002202A7A97AC00DDDE13 /* CatFactsTests */ = {
			isa = PBXNativeTarget;
			buildConfigurationList = 21A002382A7A97AC00DDDE13 /* Build configuration list for PBXNativeTarget "CatFactsTests" */;
			buildPhases = (
				21A0021D2A7A97AC00DDDE13 /* Sources */,
				21A0021E2A7A97AC00DDDE13 /* Frameworks */,
				21A0021F2A7A97AC00DDDE13 /* Resources */,
			);
			buildRules = (
			);
			dependencies = (
				21A002232A7A97AC00DDDE13 /* PBXTargetDependency */,
			);
			name = CatFactsTests;
			productName = CatFactsTests;
			productReference = 21A002212A7A97AC00DDDE13 /* CatFactsTests.xctest */;
			productType = "com.apple.product-type.bundle.unit-test";
		};
		21A0022A2A7A97AC00DDDE13 /* CatFactsUITests */ = {
			isa = PBXNativeTarget;
			buildConfigurationList = 21A0023B2A7A97AC00DDDE13 /* Build configuration list for PBXNativeTarget "CatFactsUITests" */;
			buildPhases = (
				21A002272A7A97AC00DDDE13 /* Sources */,
				21A002282A7A97AC00DDDE13 /* Frameworks */,
				21A002292A7A97AC00DDDE13 /* Resources */,
			);
			buildRules = (
			);
			dependencies = (
				21A0022D2A7A97AC00DDDE13 /* PBXTargetDependency */,
			);
			name = CatFactsUITests;
			productName = CatFactsUITests;
			productReference = 21A0022B2A7A97AC00DDDE13 /* CatFactsUITests.xctest */;
			productType = "com.apple.product-type.bundle.ui-testing";
		};
/* End PBXNativeTarget section */

/* Begin PBXProject section */
		21A002092A7A97AB00DDDE13 /* Project object */ = {
			isa = PBXProject;
			attributes = {
				BuildIndependentTargetsInParallel = 1;
				LastSwiftUpdateCheck = 1430;
				LastUpgradeCheck = 1430;
				TargetAttributes = {
					21A002102A7A97AB00DDDE13 = {
						CreatedOnToolsVersion = 14.3.1;
					};
					21A002202A7A97AC00DDDE13 = {
						CreatedOnToolsVersion = 14.3.1;
						TestTargetID = 21A002102A7A97AB00DDDE13;
					};
					21A0022A2A7A97AC00DDDE13 = {
						CreatedOnToolsVersion = 14.3.1;
						TestTargetID = 21A002102A7A97AB00DDDE13;
					};
				};
			};
			buildConfigurationList = 21A0020C2A7A97AB00DDDE13 /* Build configuration list for PBXProject "CatFacts" */;
			compatibilityVersion = "Xcode 14.0";
			developmentRegion = en;
			hasScannedForEncodings = 0;
			knownRegions = (
				en,
				Base,
			);
			mainGroup = 21A002082A7A97AB00DDDE13;
			productRefGroup = 21A002122A7A97AB00DDDE13 /* Products */;
			projectDirPath = "";
			projectRoot = "";
			targets = (
				21A002102A7A97AB00DDDE13 /* CatFacts */,
				21A002202A7A97AC00DDDE13 /* CatFactsTests */,
				21A0022A2A7A97AC00DDDE13 /* CatFactsUITests */,
			);
		};
/* End PBXProject section */

/* Begin PBXResourcesBuildPhase section */
		21A0020F2A7A97AB00DDDE13 /* Resources */ = {
			isa = PBXResourcesBuildPhase;
			buildActionMask = 2147483647;
			files = (
				21A0021C2A7A97AC00DDDE13 /* Preview Assets.xcassets in Resources */,
				21A002192A7A97AC00DDDE13 /* Assets.xcassets in Resources */,
			);
			runOnlyForDeploymentPostprocessing = 0;
		};
		21A0021F2A7A97AC00DDDE13 /* Resources */ = {
			isa = PBXResourcesBuildPhase;
			buildActionMask = 2147483647;
			files = (
			);
			runOnlyForDeploymentPostprocessing = 0;
		};
		21A002292A7A97AC00DDDE13 /* Resources */ = {
			isa = PBXResourcesBuildPhase;
			buildActionMask = 2147483647;
			files = (
			);
			runOnlyForDeploymentPostprocessing = 0;
		};
/* End PBXResourcesBuildPhase section */

/* Begin PBXSourcesBuildPhase section */
		21A0020D2A7A97AB00DDDE13 /* Sources */ = {
			isa = PBXSourcesBuildPhase;
			buildActionMask = 2147483647;
			files = (
				21A002172A7A97AB00DDDE13 /* ContentView.swift in Sources */,
				21A0310C2A7FF44F00E4CADF /* MockApiCaller.swift in Sources */,
				216A3CEB2A7D216C004FD886 /* CatFacts.xcdatamodeld in Sources */,
				21D585B32A8D1834000ECF38 /* CatFactEntity+CoreDataClass.swift in Sources */,
				21A002432A7A9D4600DDDE13 /* Endpoint.swift in Sources */,
				21A002502A7BE48A00DDDE13 /* CatFactsViewModel.swift in Sources */,
				2116D2F32A7D287A0018830D /* CatFactDataManager.swift in Sources */,
				21A0024C2A7BA42000DDDE13 /* APICaller.swift in Sources */,
				21A002152A7A97AB00DDDE13 /* CatFactsApp.swift in Sources */,
				2116D2F52A7D29BF0018830D /* SavedCatFactsView.swift in Sources */,
				21D585B52A8D1834000ECF38 /* CatFactEntity+CoreDataProperties.swift in Sources */,
				21A002472A7A9E7800DDDE13 /* NetworkConstants.swift in Sources */,
				21A002452A7A9DAF00DDDE13 /* CatFact-Endpoint.swift in Sources */,
			);
			runOnlyForDeploymentPostprocessing = 0;
		};
		21A0021D2A7A97AC00DDDE13 /* Sources */ = {
			isa = PBXSourcesBuildPhase;
			buildActionMask = 2147483647;
			files = (
				21A0024A2A7AAE9C00DDDE13 /* NetworkConstants.swift in Sources */,
				21A0310E2A7FF76F00E4CADF /* CatFactDataManager.swift in Sources */,
				21A0024E2A7BE0E900DDDE13 /* APICaller.swift in Sources */,
				21A031012A7F9C3000E4CADF /* MockApiCaller.swift in Sources */,
				21A002262A7A97AC00DDDE13 /* CatFactsTests.swift in Sources */,
				21D585B42A8D1834000ECF38 /* CatFactEntity+CoreDataClass.swift in Sources */,
				21A002492A7AAE8000DDDE13 /* Endpoint.swift in Sources */,
				21A002482A7AAB4C00DDDE13 /* CatFact-Endpoint.swift in Sources */,
				21A031102A80FE0000E4CADF /* CatFacts.xcdatamodeld in Sources */,
				21A0310D2A7FF6FD00E4CADF /* CatFactsViewModel.swift in Sources */,
				21D585B62A8D1834000ECF38 /* CatFactEntity+CoreDataProperties.swift in Sources */,
			);
			runOnlyForDeploymentPostprocessing = 0;
		};
		21A002272A7A97AC00DDDE13 /* Sources */ = {
			isa = PBXSourcesBuildPhase;
			buildActionMask = 2147483647;
			files = (
				21A002322A7A97AC00DDDE13 /* CatFactsUITestsLaunchTests.swift in Sources */,
				21A002302A7A97AC00DDDE13 /* CatFactsUITests.swift in Sources */,
			);
			runOnlyForDeploymentPostprocessing = 0;
		};
/* End PBXSourcesBuildPhase section */

/* Begin PBXTargetDependency section */
		21A002232A7A97AC00DDDE13 /* PBXTargetDependency */ = {
			isa = PBXTargetDependency;
			target = 21A002102A7A97AB00DDDE13 /* CatFacts */;
			targetProxy = 21A002222A7A97AC00DDDE13 /* PBXContainerItemProxy */;
		};
		21A0022D2A7A97AC00DDDE13 /* PBXTargetDependency */ = {
			isa = PBXTargetDependency;
			target = 21A002102A7A97AB00DDDE13 /* CatFacts */;
			targetProxy = 21A0022C2A7A97AC00DDDE13 /* PBXContainerItemProxy */;
		};
/* End PBXTargetDependency section */

/* Begin XCBuildConfiguration section */
		21A002332A7A97AC00DDDE13 /* Debug */ = {
			isa = XCBuildConfiguration;
			buildSettings = {
				ALWAYS_SEARCH_USER_PATHS = NO;
				CLANG_ANALYZER_NONNULL = YES;
				CLANG_ANALYZER_NUMBER_OBJECT_CONVERSION = YES_AGGRESSIVE;
				CLANG_CXX_LANGUAGE_STANDARD = "gnu++20";
				CLANG_ENABLE_MODULES = YES;
				CLANG_ENABLE_OBJC_ARC = YES;
				CLANG_ENABLE_OBJC_WEAK = YES;
				CLANG_WARN_BLOCK_CAPTURE_AUTORELEASING = YES;
				CLANG_WARN_BOOL_CONVERSION = YES;
				CLANG_WARN_COMMA = YES;
				CLANG_WARN_CONSTANT_CONVERSION = YES;
				CLANG_WARN_DEPRECATED_OBJC_IMPLEMENTATIONS = YES;
				CLANG_WARN_DIRECT_OBJC_ISA_USAGE = YES_ERROR;
				CLANG_WARN_DOCUMENTATION_COMMENTS = YES;
				CLANG_WARN_EMPTY_BODY = YES;
				CLANG_WARN_ENUM_CONVERSION = YES;
				CLANG_WARN_INFINITE_RECURSION = YES;
				CLANG_WARN_INT_CONVERSION = YES;
				CLANG_WARN_NON_LITERAL_NULL_CONVERSION = YES;
				CLANG_WARN_OBJC_IMPLICIT_RETAIN_SELF = YES;
				CLANG_WARN_OBJC_LITERAL_CONVERSION = YES;
				CLANG_WARN_OBJC_ROOT_CLASS = YES_ERROR;
				CLANG_WARN_QUOTED_INCLUDE_IN_FRAMEWORK_HEADER = YES;
				CLANG_WARN_RANGE_LOOP_ANALYSIS = YES;
				CLANG_WARN_STRICT_PROTOTYPES = YES;
				CLANG_WARN_SUSPICIOUS_MOVE = YES;
				CLANG_WARN_UNGUARDED_AVAILABILITY = YES_AGGRESSIVE;
				CLANG_WARN_UNREACHABLE_CODE = YES;
				CLANG_WARN__DUPLICATE_METHOD_MATCH = YES;
				COPY_PHASE_STRIP = NO;
				DEBUG_INFORMATION_FORMAT = dwarf;
				ENABLE_STRICT_OBJC_MSGSEND = YES;
				ENABLE_TESTABILITY = YES;
				GCC_C_LANGUAGE_STANDARD = gnu11;
				GCC_DYNAMIC_NO_PIC = NO;
				GCC_NO_COMMON_BLOCKS = YES;
				GCC_OPTIMIZATION_LEVEL = 0;
				GCC_PREPROCESSOR_DEFINITIONS = (
					"DEBUG=1",
					"$(inherited)",
				);
				GCC_WARN_64_TO_32_BIT_CONVERSION = YES;
				GCC_WARN_ABOUT_RETURN_TYPE = YES_ERROR;
				GCC_WARN_UNDECLARED_SELECTOR = YES;
				GCC_WARN_UNINITIALIZED_AUTOS = YES_AGGRESSIVE;
				GCC_WARN_UNUSED_FUNCTION = YES;
				GCC_WARN_UNUSED_VARIABLE = YES;
				IPHONEOS_DEPLOYMENT_TARGET = 16.4;
				MTL_ENABLE_DEBUG_INFO = INCLUDE_SOURCE;
				MTL_FAST_MATH = YES;
				ONLY_ACTIVE_ARCH = YES;
				SDKROOT = iphoneos;
				SWIFT_ACTIVE_COMPILATION_CONDITIONS = DEBUG;
				SWIFT_OPTIMIZATION_LEVEL = "-Onone";
			};
			name = Debug;
		};
		21A002342A7A97AC00DDDE13 /* Release */ = {
			isa = XCBuildConfiguration;
			buildSettings = {
				ALWAYS_SEARCH_USER_PATHS = NO;
				CLANG_ANALYZER_NONNULL = YES;
				CLANG_ANALYZER_NUMBER_OBJECT_CONVERSION = YES_AGGRESSIVE;
				CLANG_CXX_LANGUAGE_STANDARD = "gnu++20";
				CLANG_ENABLE_MODULES = YES;
				CLANG_ENABLE_OBJC_ARC = YES;
				CLANG_ENABLE_OBJC_WEAK = YES;
				CLANG_WARN_BLOCK_CAPTURE_AUTORELEASING = YES;
				CLANG_WARN_BOOL_CONVERSION = YES;
				CLANG_WARN_COMMA = YES;
				CLANG_WARN_CONSTANT_CONVERSION = YES;
				CLANG_WARN_DEPRECATED_OBJC_IMPLEMENTATIONS = YES;
				CLANG_WARN_DIRECT_OBJC_ISA_USAGE = YES_ERROR;
				CLANG_WARN_DOCUMENTATION_COMMENTS = YES;
				CLANG_WARN_EMPTY_BODY = YES;
				CLANG_WARN_ENUM_CONVERSION = YES;
				CLANG_WARN_INFINITE_RECURSION = YES;
				CLANG_WARN_INT_CONVERSION = YES;
				CLANG_WARN_NON_LITERAL_NULL_CONVERSION = YES;
				CLANG_WARN_OBJC_IMPLICIT_RETAIN_SELF = YES;
				CLANG_WARN_OBJC_LITERAL_CONVERSION = YES;
				CLANG_WARN_OBJC_ROOT_CLASS = YES_ERROR;
				CLANG_WARN_QUOTED_INCLUDE_IN_FRAMEWORK_HEADER = YES;
				CLANG_WARN_RANGE_LOOP_ANALYSIS = YES;
				CLANG_WARN_STRICT_PROTOTYPES = YES;
				CLANG_WARN_SUSPICIOUS_MOVE = YES;
				CLANG_WARN_UNGUARDED_AVAILABILITY = YES_AGGRESSIVE;
				CLANG_WARN_UNREACHABLE_CODE = YES;
				CLANG_WARN__DUPLICATE_METHOD_MATCH = YES;
				COPY_PHASE_STRIP = NO;
				DEBUG_INFORMATION_FORMAT = "dwarf-with-dsym";
				ENABLE_NS_ASSERTIONS = NO;
				ENABLE_STRICT_OBJC_MSGSEND = YES;
				GCC_C_LANGUAGE_STANDARD = gnu11;
				GCC_NO_COMMON_BLOCKS = YES;
				GCC_WARN_64_TO_32_BIT_CONVERSION = YES;
				GCC_WARN_ABOUT_RETURN_TYPE = YES_ERROR;
				GCC_WARN_UNDECLARED_SELECTOR = YES;
				GCC_WARN_UNINITIALIZED_AUTOS = YES_AGGRESSIVE;
				GCC_WARN_UNUSED_FUNCTION = YES;
				GCC_WARN_UNUSED_VARIABLE = YES;
				IPHONEOS_DEPLOYMENT_TARGET = 16.4;
				MTL_ENABLE_DEBUG_INFO = NO;
				MTL_FAST_MATH = YES;
				SDKROOT = iphoneos;
				SWIFT_COMPILATION_MODE = wholemodule;
				SWIFT_OPTIMIZATION_LEVEL = "-O";
				VALIDATE_PRODUCT = YES;
			};
			name = Release;
		};
		21A002362A7A97AC00DDDE13 /* Debug */ = {
			isa = XCBuildConfiguration;
			buildSettings = {
				ASSETCATALOG_COMPILER_APPICON_NAME = AppIcon;
				ASSETCATALOG_COMPILER_GLOBAL_ACCENT_COLOR_NAME = AccentColor;
				CODE_SIGN_STYLE = Automatic;
				CURRENT_PROJECT_VERSION = 1;
				DEVELOPMENT_ASSET_PATHS = "\"CatFacts/Preview Content\"";
				ENABLE_PREVIEWS = YES;
				GENERATE_INFOPLIST_FILE = YES;
				INFOPLIST_KEY_UIApplicationSceneManifest_Generation = YES;
				INFOPLIST_KEY_UIApplicationSupportsIndirectInputEvents = YES;
				INFOPLIST_KEY_UILaunchScreen_Generation = YES;
				INFOPLIST_KEY_UISupportedInterfaceOrientations_iPad = "UIInterfaceOrientationPortrait UIInterfaceOrientationPortraitUpsideDown UIInterfaceOrientationLandscapeLeft UIInterfaceOrientationLandscapeRight";
				INFOPLIST_KEY_UISupportedInterfaceOrientations_iPhone = "UIInterfaceOrientationPortrait UIInterfaceOrientationLandscapeLeft UIInterfaceOrientationLandscapeRight";
				LD_RUNPATH_SEARCH_PATHS = (
					"$(inherited)",
					"@executable_path/Frameworks",
				);
				MARKETING_VERSION = 1.0;
				PRODUCT_BUNDLE_IDENTIFIER = com.Leo.CatFacts;
				PRODUCT_NAME = "$(TARGET_NAME)";
				SWIFT_EMIT_LOC_STRINGS = YES;
				SWIFT_VERSION = 5.0;
				TARGETED_DEVICE_FAMILY = "1,2";
			};
			name = Debug;
		};
		21A002372A7A97AC00DDDE13 /* Release */ = {
			isa = XCBuildConfiguration;
			buildSettings = {
				ASSETCATALOG_COMPILER_APPICON_NAME = AppIcon;
				ASSETCATALOG_COMPILER_GLOBAL_ACCENT_COLOR_NAME = AccentColor;
				CODE_SIGN_STYLE = Automatic;
				CURRENT_PROJECT_VERSION = 1;
				DEVELOPMENT_ASSET_PATHS = "\"CatFacts/Preview Content\"";
				ENABLE_PREVIEWS = YES;
				GENERATE_INFOPLIST_FILE = YES;
				INFOPLIST_KEY_UIApplicationSceneManifest_Generation = YES;
				INFOPLIST_KEY_UIApplicationSupportsIndirectInputEvents = YES;
				INFOPLIST_KEY_UILaunchScreen_Generation = YES;
				INFOPLIST_KEY_UISupportedInterfaceOrientations_iPad = "UIInterfaceOrientationPortrait UIInterfaceOrientationPortraitUpsideDown UIInterfaceOrientationLandscapeLeft UIInterfaceOrientationLandscapeRight";
				INFOPLIST_KEY_UISupportedInterfaceOrientations_iPhone = "UIInterfaceOrientationPortrait UIInterfaceOrientationLandscapeLeft UIInterfaceOrientationLandscapeRight";
				LD_RUNPATH_SEARCH_PATHS = (
					"$(inherited)",
					"@executable_path/Frameworks",
				);
				MARKETING_VERSION = 1.0;
				PRODUCT_BUNDLE_IDENTIFIER = com.Leo.CatFacts;
				PRODUCT_NAME = "$(TARGET_NAME)";
				SWIFT_EMIT_LOC_STRINGS = YES;
				SWIFT_VERSION = 5.0;
				TARGETED_DEVICE_FAMILY = "1,2";
			};
			name = Release;
		};
		21A002392A7A97AC00DDDE13 /* Debug */ = {
			isa = XCBuildConfiguration;
			buildSettings = {
				ALWAYS_EMBED_SWIFT_STANDARD_LIBRARIES = YES;
				BUNDLE_LOADER = "$(TEST_HOST)";
				CODE_SIGN_STYLE = Automatic;
				CURRENT_PROJECT_VERSION = 1;
				GENERATE_INFOPLIST_FILE = YES;
				IPHONEOS_DEPLOYMENT_TARGET = 16.4;
				MARKETING_VERSION = 1.0;
				PRODUCT_BUNDLE_IDENTIFIER = com.Leo.CatFactsTests;
				PRODUCT_NAME = "$(TARGET_NAME)";
				SWIFT_EMIT_LOC_STRINGS = NO;
				SWIFT_VERSION = 5.0;
				TARGETED_DEVICE_FAMILY = "1,2";
				TEST_HOST = "$(BUILT_PRODUCTS_DIR)/CatFacts.app/$(BUNDLE_EXECUTABLE_FOLDER_PATH)/CatFacts";
			};
			name = Debug;
		};
		21A0023A2A7A97AC00DDDE13 /* Release */ = {
			isa = XCBuildConfiguration;
			buildSettings = {
				ALWAYS_EMBED_SWIFT_STANDARD_LIBRARIES = YES;
				BUNDLE_LOADER = "$(TEST_HOST)";
				CODE_SIGN_STYLE = Automatic;
				CURRENT_PROJECT_VERSION = 1;
				GENERATE_INFOPLIST_FILE = YES;
				IPHONEOS_DEPLOYMENT_TARGET = 16.4;
				MARKETING_VERSION = 1.0;
				PRODUCT_BUNDLE_IDENTIFIER = com.Leo.CatFactsTests;
				PRODUCT_NAME = "$(TARGET_NAME)";
				SWIFT_EMIT_LOC_STRINGS = NO;
				SWIFT_VERSION = 5.0;
				TARGETED_DEVICE_FAMILY = "1,2";
				TEST_HOST = "$(BUILT_PRODUCTS_DIR)/CatFacts.app/$(BUNDLE_EXECUTABLE_FOLDER_PATH)/CatFacts";
			};
			name = Release;
		};
		21A0023C2A7A97AC00DDDE13 /* Debug */ = {
			isa = XCBuildConfiguration;
			buildSettings = {
				ALWAYS_EMBED_SWIFT_STANDARD_LIBRARIES = YES;
				CODE_SIGN_STYLE = Automatic;
				CURRENT_PROJECT_VERSION = 1;
				GENERATE_INFOPLIST_FILE = YES;
				MARKETING_VERSION = 1.0;
				PRODUCT_BUNDLE_IDENTIFIER = com.Leo.CatFactsUITests;
				PRODUCT_NAME = "$(TARGET_NAME)";
				SWIFT_EMIT_LOC_STRINGS = NO;
				SWIFT_VERSION = 5.0;
				TARGETED_DEVICE_FAMILY = "1,2";
				TEST_TARGET_NAME = CatFacts;
			};
			name = Debug;
		};
		21A0023D2A7A97AC00DDDE13 /* Release */ = {
			isa = XCBuildConfiguration;
			buildSettings = {
				ALWAYS_EMBED_SWIFT_STANDARD_LIBRARIES = YES;
				CODE_SIGN_STYLE = Automatic;
				CURRENT_PROJECT_VERSION = 1;
				GENERATE_INFOPLIST_FILE = YES;
				MARKETING_VERSION = 1.0;
				PRODUCT_BUNDLE_IDENTIFIER = com.Leo.CatFactsUITests;
				PRODUCT_NAME = "$(TARGET_NAME)";
				SWIFT_EMIT_LOC_STRINGS = NO;
				SWIFT_VERSION = 5.0;
				TARGETED_DEVICE_FAMILY = "1,2";
				TEST_TARGET_NAME = CatFacts;
			};
			name = Release;
		};
/* End XCBuildConfiguration section */

/* Begin XCConfigurationList section */
		21A0020C2A7A97AB00DDDE13 /* Build configuration list for PBXProject "CatFacts" */ = {
			isa = XCConfigurationList;
			buildConfigurations = (
				21A002332A7A97AC00DDDE13 /* Debug */,
				21A002342A7A97AC00DDDE13 /* Release */,
			);
			defaultConfigurationIsVisible = 0;
			defaultConfigurationName = Release;
		};
		21A002352A7A97AC00DDDE13 /* Build configuration list for PBXNativeTarget "CatFacts" */ = {
			isa = XCConfigurationList;
			buildConfigurations = (
				21A002362A7A97AC00DDDE13 /* Debug */,
				21A002372A7A97AC00DDDE13 /* Release */,
			);
			defaultConfigurationIsVisible = 0;
			defaultConfigurationName = Release;
		};
		21A002382A7A97AC00DDDE13 /* Build configuration list for PBXNativeTarget "CatFactsTests" */ = {
			isa = XCConfigurationList;
			buildConfigurations = (
				21A002392A7A97AC00DDDE13 /* Debug */,
				21A0023A2A7A97AC00DDDE13 /* Release */,
			);
			defaultConfigurationIsVisible = 0;
			defaultConfigurationName = Release;
		};
		21A0023B2A7A97AC00DDDE13 /* Build configuration list for PBXNativeTarget "CatFactsUITests" */ = {
			isa = XCConfigurationList;
			buildConfigurations = (
				21A0023C2A7A97AC00DDDE13 /* Debug */,
				21A0023D2A7A97AC00DDDE13 /* Release */,
			);
			defaultConfigurationIsVisible = 0;
			defaultConfigurationName = Release;
		};
/* End XCConfigurationList section */

/* Begin XCVersionGroup section */
		216A3CE92A7D216C004FD886 /* CatFacts.xcdatamodeld */ = {
			isa = XCVersionGroup;
			children = (
				216A3CEA2A7D216C004FD886 /* CatFacts.xcdatamodel */,
			);
			currentVersion = 216A3CEA2A7D216C004FD886 /* CatFacts.xcdatamodel */;
			path = CatFacts.xcdatamodeld;
			sourceTree = "<group>";
			versionGroupType = wrapper.xcdatamodel;
		};
/* End XCVersionGroup section */
	};
	rootObject = 21A002092A7A97AB00DDDE13 /* Project object */;
}
